{
    "name": "operatorsystemts",
    "version": "1.0.0",
    "lockfileVersion": 1,
    "requires": true,
    "dependencies": {
        "@types/lodash": {
            "version": "4.14.151",
            "resolved": "https://registry.npmjs.org/@types/lodash/-/lodash-4.14.151.tgz",
            "integrity": "sha512-Zst90IcBX5wnwSu7CAS0vvJkTjTELY4ssKbHiTnGcJgi170uiS8yQDdc3v6S77bRqYQIN1App5a1Pc2lceE5/g=="
        },
        "lodash-ts": {
            "version": "1.2.7",
            "resolved": "https://registry.npmjs.org/lodash-ts/-/lodash-ts-1.2.7.tgz",
            "integrity": "sha512-O9+vr6ikDdABxQX6TGfpD5nY4dBxCQi6rIfRgShHcmNWS3HRo68RORaBoDn82b+C9pZomnGWQUKcebfERU1WKA=="
        }
    }
}
